
Microsoft Visual Studio Solution File, Format Version 12.00
# Visual Studio 15
VisualStudioVersion = 15.0.28010.2050
MinimumVisualStudioVersion = 10.0.40219.1
Project("{FAE04EC0-301F-11D3-BF4B-00C04F79EFBC}") = "Spaceman.Api", "SpacemanAPI\Spaceman.Api.csproj", "{753D716A-F7FB-484F-AA34-944DA5E6FEA5}"
EndProject
Project("{FAE04EC0-301F-11D3-BF4B-00C04F79EFBC}") = "Spaceman.Service", "Spaceman.Service\Spaceman.Service.csproj", "{11FF8062-3ACD-4C60-B8E7-3AA42DEA1432}"
EndProject
Global
	GlobalSection(SolutionConfigurationPlatforms) = preSolution
		Debug|Any CPU = Debug|Any CPU
		Release|Any CPU = Release|Any CPU
	EndGlobalSection
	GlobalSection(ProjectConfigurationPlatforms) = postSolution
		{753D716A-F7FB-484F-AA34-944DA5E6FEA5}.Debug|Any CPU.ActiveCfg = Debug|Any CPU
		{753D716A-F7FB-484F-AA34-944DA5E6FEA5}.Debug|Any CPU.Build.0 = Debug|Any CPU
		{753D716A-F7FB-484F-AA34-944DA5E6FEA5}.Release|Any CPU.ActiveCfg = Release|Any CPU
		{753D716A-F7FB-484F-AA34-944DA5E6FEA5}.Release|Any CPU.Build.0 = Release|Any CPU
		{11FF8062-3ACD-4C60-B8E7-3AA42DEA1432}.Debug|Any CPU.ActiveCfg = Debug|Any CPU
		{11FF8062-3ACD-4C60-B8E7-3AA42DEA1432}.Debug|Any CPU.Build.0 = Debug|Any CPU
		{11FF8062-3ACD-4C60-B8E7-3AA42DEA1432}.Release|Any CPU.ActiveCfg = Release|Any CPU
		{11FF8062-3ACD-4C60-B8E7-3AA42DEA1432}.Release|Any CPU.Build.0 = Release|Any CPU
	EndGlobalSection
	GlobalSection(SolutionProperties) = preSolution
		HideSolutionNode = FALSE
	EndGlobalSection
	GlobalSection(ExtensibilityGlobals) = postSolution
		SolutionGuid = {7C253212-8AFA-4422-B074-39BDF659F05F}
	EndGlobalSection
EndGlobal
